
Microsoft Visual Studio Solution File, Format Version 12.00
# Visual Studio Version 17
VisualStudioVersion = 17.4.33213.308
MinimumVisualStudioVersion = 10.0.40219.1
Project("{FAE04EC0-301F-11D3-BF4B-00C04F79EFBC}") = "GerenciadorProdutos", "GerenciadorProdutos\GerenciadorProdutos.csproj", "{F14A1AD8-D9C3-4F98-8CA5-21882BF60A39}"
EndProject
Project("{FAE04EC0-301F-11D3-BF4B-00C04F79EFBC}") = "Application", "Application\Application.csproj", "{549C11DA-5CB7-423A-9954-BA537DC208B2}"
EndProject
Project("{FAE04EC0-301F-11D3-BF4B-00C04F79EFBC}") = "Domain", "Domain\Domain.csproj", "{4B936777-0FF7-4950-A88D-AA61482C2C22}"
EndProject
Project("{FAE04EC0-301F-11D3-BF4B-00C04F79EFBC}") = "Infrastructure", "Infrastructure\Infrastructure.csproj", "{CA5EE7FE-F2E9-4E17-ACEE-D772128EC762}"
EndProject
Project("{FAE04EC0-301F-11D3-BF4B-00C04F79EFBC}") = "GerenciadorProdutos.Tests", "Application.Tests\GerenciadorProdutos.Tests.csproj", "{853E6936-6C00-4409-8667-375ADF74750E}"
EndProject
Global
	GlobalSection(SolutionConfigurationPlatforms) = preSolution
		Debug|Any CPU = Debug|Any CPU
		Release|Any CPU = Release|Any CPU
	EndGlobalSection
	GlobalSection(ProjectConfigurationPlatforms) = postSolution
		{F14A1AD8-D9C3-4F98-8CA5-21882BF60A39}.Debug|Any CPU.ActiveCfg = Debug|Any CPU
		{F14A1AD8-D9C3-4F98-8CA5-21882BF60A39}.Debug|Any CPU.Build.0 = Debug|Any CPU
		{F14A1AD8-D9C3-4F98-8CA5-21882BF60A39}.Release|Any CPU.ActiveCfg = Release|Any CPU
		{F14A1AD8-D9C3-4F98-8CA5-21882BF60A39}.Release|Any CPU.Build.0 = Release|Any CPU
		{549C11DA-5CB7-423A-9954-BA537DC208B2}.Debug|Any CPU.ActiveCfg = Debug|Any CPU
		{549C11DA-5CB7-423A-9954-BA537DC208B2}.Debug|Any CPU.Build.0 = Debug|Any CPU
		{549C11DA-5CB7-423A-9954-BA537DC208B2}.Release|Any CPU.ActiveCfg = Release|Any CPU
		{549C11DA-5CB7-423A-9954-BA537DC208B2}.Release|Any CPU.Build.0 = Release|Any CPU
		{4B936777-0FF7-4950-A88D-AA61482C2C22}.Debug|Any CPU.ActiveCfg = Debug|Any CPU
		{4B936777-0FF7-4950-A88D-AA61482C2C22}.Debug|Any CPU.Build.0 = Debug|Any CPU
		{4B936777-0FF7-4950-A88D-AA61482C2C22}.Release|Any CPU.ActiveCfg = Release|Any CPU
		{4B936777-0FF7-4950-A88D-AA61482C2C22}.Release|Any CPU.Build.0 = Release|Any CPU
		{CA5EE7FE-F2E9-4E17-ACEE-D772128EC762}.Debug|Any CPU.ActiveCfg = Debug|Any CPU
		{CA5EE7FE-F2E9-4E17-ACEE-D772128EC762}.Debug|Any CPU.Build.0 = Debug|Any CPU
		{CA5EE7FE-F2E9-4E17-ACEE-D772128EC762}.Release|Any CPU.ActiveCfg = Release|Any CPU
		{CA5EE7FE-F2E9-4E17-ACEE-D772128EC762}.Release|Any CPU.Build.0 = Release|Any CPU
		{853E6936-6C00-4409-8667-375ADF74750E}.Debug|Any CPU.ActiveCfg = Debug|Any CPU
		{853E6936-6C00-4409-8667-375ADF74750E}.Debug|Any CPU.Build.0 = Debug|Any CPU
		{853E6936-6C00-4409-8667-375ADF74750E}.Release|Any CPU.ActiveCfg = Release|Any CPU
		{853E6936-6C00-4409-8667-375ADF74750E}.Release|Any CPU.Build.0 = Release|Any CPU
	EndGlobalSection
	GlobalSection(SolutionProperties) = preSolution
		HideSolutionNode = FALSE
	EndGlobalSection
	GlobalSection(ExtensibilityGlobals) = postSolution
		SolutionGuid = {2DBB33C4-FF2B-4E90-99BD-AA3F3FE50F8B}
	EndGlobalSection
EndGlobal
